# THIS IS AN AUTOGENERATED FILE. DO NOT EDIT THIS FILE DIRECTLY.
# yarn lockfile v1


es5-shim@^4.0.3:
  version "4.5.9"
  resolved "https://registry.yarnpkg.com/es5-shim/-/es5-shim-4.5.9.tgz#2a1e2b9e583ff5fed0c20a3ee2cbf3f75230a5c0"

sir-trevor@^0.6.5:
  version "0.6.5"
  resolved "https://registry.yarnpkg.com/sir-trevor/-/sir-trevor-0.6.5.tgz#2c8d2aea0f4743385b2bbefad3a062e6aa75dbc1"
  dependencies:
    es5-shim "^4.0.3"
    svg4everybody "^2.0.3"

svg4everybody@^2.0.3:
  version "2.1.8"
  resolved "https://registry.yarnpkg.com/svg4everybody/-/svg4everybody-2.1.8.tgz#c4fb648999104fc02225852f847ccfbc0b6d7586"
